
Microsoft Visual Studio Solution File, Format Version 12.00
# Visual Studio 2013
VisualStudioVersion = 12.0.21005.1
MinimumVisualStudioVersion = 10.0.40219.1
Project("{FAE04EC0-301F-11D3-BF4B-00C04F79EFBC}") = "car", "car\car.csproj", "{26879DC4-D80A-40C2-B823-AB661C8D5C6E}"
	ProjectSection(ProjectDependencies) = postProject
		{4208A9BB-BC96-49CA-94BA-2F55573F033B} = {4208A9BB-BC96-49CA-94BA-2F55573F033B}
	EndProjectSection
EndProject
Project("{FAE04EC0-301F-11D3-BF4B-00C04F79EFBC}") = "Redf.Business.WebService", "Redf.Business.WebService\Redf.Business.WebService.csproj", "{4208A9BB-BC96-49CA-94BA-2F55573F033B}"
EndProject
Global
	GlobalSection(SolutionConfigurationPlatforms) = preSolution
		Debug|Any CPU = Debug|Any CPU
		Release|Any CPU = Release|Any CPU
	EndGlobalSection
	GlobalSection(ProjectConfigurationPlatforms) = postSolution
		{26879DC4-D80A-40C2-B823-AB661C8D5C6E}.Debug|Any CPU.ActiveCfg = Debug|Any CPU
		{26879DC4-D80A-40C2-B823-AB661C8D5C6E}.Debug|Any CPU.Build.0 = Debug|Any CPU
		{26879DC4-D80A-40C2-B823-AB661C8D5C6E}.Release|Any CPU.ActiveCfg = Release|Any CPU
		{26879DC4-D80A-40C2-B823-AB661C8D5C6E}.Release|Any CPU.Build.0 = Release|Any CPU
		{4208A9BB-BC96-49CA-94BA-2F55573F033B}.Debug|Any CPU.ActiveCfg = Debug|Any CPU
		{4208A9BB-BC96-49CA-94BA-2F55573F033B}.Debug|Any CPU.Build.0 = Debug|Any CPU
		{4208A9BB-BC96-49CA-94BA-2F55573F033B}.Release|Any CPU.ActiveCfg = Release|Any CPU
		{4208A9BB-BC96-49CA-94BA-2F55573F033B}.Release|Any CPU.Build.0 = Release|Any CPU
	EndGlobalSection
	GlobalSection(SolutionProperties) = preSolution
		HideSolutionNode = FALSE
	EndGlobalSection
EndGlobal
